PODS:
  - UMCAnalytics (6.0.1):
    - UMCCommon
  - UMCCommon (2.0.0)
  - UMCSecurityPlugins (1.0.6)
  - UMCShare/Core (6.9.5):
    - UMCCommon
  - UMCShare/Social/QQ (6.9.5):
    - UMCCommon
    - UMCShare/Core
    - UMCShare/Social/ReducedQQ
  - UMCShare/Social/ReducedQQ (6.9.5):
    - UMCCommon
    - UMCShare/Core
  - UMCShare/Social/ReducedWeChat (6.9.5):
    - UMCCommon
    - UMCShare/Core
  - UMCShare/Social/WeChat (6.9.5):
    - UMCCommon
    - UMCShare/Core
    - UMCShare/Social/ReducedWeChat
  - UMCShare/UI (6.9.5):
    - UMCCommon
    - UMCShare/Core
  - WLUMStatistics (1.0.3):
    - UMCAnalytics
    - UMCCommon
    - UMCSecurityPlugins

DEPENDENCIES:
  - UMCShare/Social/QQ
  - UMCShare/Social/WeChat
  - UMCShare/UI
  - WLUMStatistics

SPEC REPOS:
  https://github.com/cocoapods/specs.git:
    - UMCAnalytics
    - UMCCommon
    - UMCSecurityPlugins
    - UMCShare
    - WLUMStatistics

SPEC CHECKSUMS:
  UMCAnalytics: c267acd9bb4a87e5f01735c158b63a617908f92e
  UMCCommon: 79b5a614c958db367113eed5740109d9a98e1223
  UMCSecurityPlugins: 0831a08f3988f3cea9f1d3a7626cd9bee4fef150
  UMCShare: 552b29753f1b4da87b51d96545ed19e6263df397
  WLUMStatistics: 3788bbaffb47ad270a0e74aba7da471b132c8a09

PODFILE CHECKSUM: d5d1a2beefa119e56909a5e84e0e7843f3db5b66

COCOAPODS: 1.6.0.beta.2
